{
  "version": "3",
  "packages": {
    "specifiers": {
      "jsr:@std/assert@1": "jsr:@std/assert@1.0.2",
      "jsr:@std/internal@^1.0.1": "jsr:@std/internal@1.0.1"
    },
    "jsr": {
      "@std/assert@1.0.2": {
        "integrity": "ccacec332958126deaceb5c63ff8b4eaf9f5ed0eac9feccf124110435e59e49c",
        "dependencies": [
          "jsr:@std/internal@^1.0.1"
        ]
      },
      "@std/internal@1.0.1": {
        "integrity": "6f8c7544d06a11dd256c8d6ba54b11ed870aac6c5aeafff499892662c57673e6"
      }
    }
  },
  "remote": {},
  "workspace": {
    "packageJson": {
      "dependencies": [
        "npm:@size-limit/preset-small-lib@^11.1.4",
        "npm:@to-da-moon/thai-baht-lib@^0.0.12",
        "npm:baht@^0.7.1",
        "npm:bahtrext@^1.3.2",
        "npm:bahttext@^2.3.0",
        "npm:husky@^9.1.4",
        "npm:size-limit@^11.1.4",
        "npm:thai-baht-text-ts@^1.1.0",
        "npm:thai-baht-text@^2.0.5",
        "npm:tsdx@^0.14.1",
        "npm:tslib@^2.6.3",
        "npm:typescript@^5.5.4"
      ]
    }
  }
}
